
Microsoft Visual Studio Solution File, Format Version 12.00
# Visual Studio Version 17
VisualStudioVersion = 17.7.34024.191
MinimumVisualStudioVersion = 10.0.40219.1
Project("{FAE04EC0-301F-11D3-BF4B-00C04F79EFBC}") = "ParadoxReader", "ParadoxReader\ParadoxReader.csproj", "{8D3ADF35-FE64-4BA5-A3BC-955B912ADA9B}"
EndProject
Project("{FAE04EC0-301F-11D3-BF4B-00C04F79EFBC}") = "ParadoxTest", "ParadoxTest\ParadoxTest.csproj", "{80E60007-4779-425C-9BA1-8B61AFA3BE75}"
EndProject
Global
	GlobalSection(SolutionConfigurationPlatforms) = preSolution
		Debug|Any CPU = Debug|Any CPU
		Release|Any CPU = Release|Any CPU
	EndGlobalSection
	GlobalSection(ProjectConfigurationPlatforms) = postSolution
		{8D3ADF35-FE64-4BA5-A3BC-955B912ADA9B}.Debug|Any CPU.ActiveCfg = Debug|Any CPU
		{8D3ADF35-FE64-4BA5-A3BC-955B912ADA9B}.Debug|Any CPU.Build.0 = Debug|Any CPU
		{8D3ADF35-FE64-4BA5-A3BC-955B912ADA9B}.Release|Any CPU.ActiveCfg = Release|Any CPU
		{8D3ADF35-FE64-4BA5-A3BC-955B912ADA9B}.Release|Any CPU.Build.0 = Release|Any CPU
		{80E60007-4779-425C-9BA1-8B61AFA3BE75}.Debug|Any CPU.ActiveCfg = Debug|Any CPU
		{80E60007-4779-425C-9BA1-8B61AFA3BE75}.Debug|Any CPU.Build.0 = Debug|Any CPU
		{80E60007-4779-425C-9BA1-8B61AFA3BE75}.Release|Any CPU.ActiveCfg = Release|Any CPU
	EndGlobalSection
	GlobalSection(SolutionProperties) = preSolution
		HideSolutionNode = FALSE
	EndGlobalSection
	GlobalSection(SubversionScc) = preSolution
		Svn-Managed = True
		Manager = AnkhSVN - Subversion Support for Visual Studio
	EndGlobalSection
EndGlobal
